Microsoft Visual Studio Solution File, Format Version 12.00
# Visual Studio Version 17
VisualStudioVersion = 17.5.2.0
MinimumVisualStudioVersion = 10.0.40219.1
Project("{FAE04EC0-301F-11D3-BF4B-00C04F79EFBC}") = "LibrosVentas", "LibrosVentas.csproj", "{45180E86-C3D0-8FBB-5D54-F5BE3CF1E579}"
EndProject
Global
	GlobalSection(SolutionConfigurationPlatforms) = preSolution
		Debug|Any CPU = Debug|Any CPU
		Release|Any CPU = Release|Any CPU
	EndGlobalSection
	GlobalSection(ProjectConfigurationPlatforms) = postSolution
		{45180E86-C3D0-8FBB-5D54-F5BE3CF1E579}.Debug|Any CPU.ActiveCfg = Debug|Any CPU
		{45180E86-C3D0-8FBB-5D54-F5BE3CF1E579}.Debug|Any CPU.Build.0 = Debug|Any CPU
		{45180E86-C3D0-8FBB-5D54-F5BE3CF1E579}.Release|Any CPU.ActiveCfg = Release|Any CPU
		{45180E86-C3D0-8FBB-5D54-F5BE3CF1E579}.Release|Any CPU.Build.0 = Release|Any CPU
	EndGlobalSection
	GlobalSection(SolutionProperties) = preSolution
		HideSolutionNode = FALSE
	EndGlobalSection
	GlobalSection(ExtensibilityGlobals) = postSolution
		SolutionGuid = {8AAC0723-6310-4113-842C-9DE9762A5B55}
	EndGlobalSection
EndGlobal
